
Microsoft Visual Studio Solution File, Format Version 9.00
# Visual Studio 2005
Project("{F184B08F-C81C-45F6-A57F-5ABD9991F28F}") = "chatSD", "chatSD\chatSD.vbproj", "{9165F3D7-81F1-4CED-9FF2-AA56331ED325}"
EndProject
Global
	GlobalSection(SolutionConfigurationPlatforms) = preSolution
		Debug|Any CPU = Debug|Any CPU
		Release|Any CPU = Release|Any CPU
	EndGlobalSection
	GlobalSection(ProjectConfigurationPlatforms) = postSolution
		{9165F3D7-81F1-4CED-9FF2-AA56331ED325}.Debug|Any CPU.ActiveCfg = Debug|Any CPU
		{9165F3D7-81F1-4CED-9FF2-AA56331ED325}.Debug|Any CPU.Build.0 = Debug|Any CPU
		{9165F3D7-81F1-4CED-9FF2-AA56331ED325}.Release|Any CPU.ActiveCfg = Release|Any CPU
		{9165F3D7-81F1-4CED-9FF2-AA56331ED325}.Release|Any CPU.Build.0 = Release|Any CPU
	EndGlobalSection
	GlobalSection(SolutionProperties) = preSolution
		HideSolutionNode = FALSE
	EndGlobalSection
	GlobalSection(ExtensibilityGlobals) = postSolution
		VisualSVNWorkingCopyRoot = 
	EndGlobalSection
EndGlobal
